// !$*UTF8*$!
{
	archiveVersion = 1;
	classes = {
	};
	objectVersion = 56;
	objects = {

/* Begin PBXBuildFile section */
		871E05C42ED8233800318BA8 /* FloorFaceApp.swift in Sources */ = {isa = PBXBuildFile; fileRef = 871E05C32ED8233800318BA8 /* FloorFaceApp.swift */; };
		871E05C62ED8233800318BA8 /* ContentView.swift in Sources */ = {isa = PBXBuildFile; fileRef = 871E05C52ED8233800318BA8 /* ContentView.swift */; };
		871E05C82ED8233A00318BA8 /* Assets.xcassets in Resources */ = {isa = PBXBuildFile; fileRef = 871E05C72ED8233A00318BA8 /* Assets.xcassets */; };
		871E05CB2ED8233A00318BA8 /* Preview Assets.xcassets in Resources */ = {isa = PBXBuildFile; fileRef = 871E05CA2ED8233A00318BA8 /* Preview Assets.xcassets */; };
		871E05CD2ED8233A00318BA8 /* Persistence.swift in Sources */ = {isa = PBXBuildFile; fileRef = 871E05CC2ED8233A00318BA8 /* Persistence.swift */; };
		871E05D02ED8233A00318BA8 /* FloorFace.xcdatamodeld in Sources */ = {isa = PBXBuildFile; fileRef = 871E05CE2ED8233A00318BA8 /* FloorFace.xcdatamodeld */; };
		A1E001012ED9000000000001 /* PushupModel.swift in Sources */ = {isa = PBXBuildFile; fileRef = A1E001002ED9000000000001 /* PushupModel.swift */; };
		A1E001052ED9000000000001 /* DataStore.swift in Sources */ = {isa = PBXBuildFile; fileRef = A1E001042ED9000000000001 /* DataStore.swift */; };
		A1E0010B2ED9000000000001 /* NotificationService.swift in Sources */ = {isa = PBXBuildFile; fileRef = A1E0010A2ED9000000000001 /* NotificationService.swift */; };
		A1E0010F2ED9000000000001 /* PushupViewModel.swift in Sources */ = {isa = PBXBuildFile; fileRef = A1E0010E2ED9000000000001 /* PushupViewModel.swift */; };
		A1E001112ED9000000000001 /* RecapViewModel.swift in Sources */ = {isa = PBXBuildFile; fileRef = A1E001102ED9000000000001 /* RecapViewModel.swift */; };
		A1E001132ED9000000000001 /* SettingsViewModel.swift in Sources */ = {isa = PBXBuildFile; fileRef = A1E001122ED9000000000001 /* SettingsViewModel.swift */; };
		A1E001152ED9000000000001 /* HomeView.swift in Sources */ = {isa = PBXBuildFile; fileRef = A1E001142ED9000000000001 /* HomeView.swift */; };
		A1E001172ED9000000000001 /* PushupCaptureView.swift in Sources */ = {isa = PBXBuildFile; fileRef = A1E001162ED9000000000001 /* PushupCaptureView.swift */; };
		A1E001192ED9000000000001 /* StatsView.swift in Sources */ = {isa = PBXBuildFile; fileRef = A1E001182ED9000000000001 /* StatsView.swift */; };
		A1E0011D2ED9000000000001 /* SettingsView.swift in Sources */ = {isa = PBXBuildFile; fileRef = A1E0011C2ED9000000000001 /* SettingsView.swift */; };
		A1E002002EDC4F0000000001 /* ShareSheet.swift in Sources */ = {isa = PBXBuildFile; fileRef = A1E001FF2EDC4F0000000001 /* ShareSheet.swift */; };
		A1E002012EDC530000000001 /* AppStateViewModel.swift in Sources */ = {isa = PBXBuildFile; fileRef = A1E002002EDC530000000001 /* AppStateViewModel.swift */; };
		A1E002022EDC53F000000001 /* NotificationPromptView.swift in Sources */ = {isa = PBXBuildFile; fileRef = A1E002012EDC53F000000001 /* NotificationPromptView.swift */; };
		A1E002032EDC549000000001 /* LaunchScreen.storyboard in Resources */ = {isa = PBXBuildFile; fileRef = A1E002022EDC549000000001 /* LaunchScreen.storyboard */; };
		A1E002062EDC58C000000001 /* CameraPreviewManager.swift in Sources */ = {isa = PBXBuildFile; fileRef = A1E002052EDC58C000000001 /* CameraPreviewManager.swift */; };
		A1E002082EDC5B0000000001 /* CameraPreviewView.swift in Sources */ = {isa = PBXBuildFile; fileRef = A1E002072EDC5B0000000001 /* CameraPreviewView.swift */; };
/* End PBXBuildFile section */

/* Begin PBXFileReference section */
		871E05C02ED8233800318BA8 /* FloorFace.app */ = {isa = PBXFileReference; explicitFileType = wrapper.application; includeInIndex = 0; path = FloorFace.app; sourceTree = BUILT_PRODUCTS_DIR; };
		871E05C32ED8233800318BA8 /* FloorFaceApp.swift */ = {isa = PBXFileReference; lastKnownFileType = sourcecode.swift; path = FloorFaceApp.swift; sourceTree = "<group>"; };
		871E05C52ED8233800318BA8 /* ContentView.swift */ = {isa = PBXFileReference; lastKnownFileType = sourcecode.swift; path = ContentView.swift; sourceTree = "<group>"; };
		871E05C72ED8233A00318BA8 /* Assets.xcassets */ = {isa = PBXFileReference; lastKnownFileType = folder.assetcatalog; path = Assets.xcassets; sourceTree = "<group>"; };
		871E05CA2ED8233A00318BA8 /* Preview Assets.xcassets */ = {isa = PBXFileReference; lastKnownFileType = folder.assetcatalog; path = "Preview Assets.xcassets"; sourceTree = "<group>"; };
		871E05CC2ED8233A00318BA8 /* Persistence.swift */ = {isa = PBXFileReference; lastKnownFileType = sourcecode.swift; path = Persistence.swift; sourceTree = "<group>"; };
		871E05CF2ED8233A00318BA8 /* FloorFace.xcdatamodel */ = {isa = PBXFileReference; lastKnownFileType = wrapper.xcdatamodel; path = FloorFace.xcdatamodel; sourceTree = "<group>"; };
		A1E001002ED9000000000001 /* PushupModel.swift */ = {isa = PBXFileReference; lastKnownFileType = sourcecode.swift; path = PushupModel.swift; sourceTree = "<group>"; };
		A1E001042ED9000000000001 /* DataStore.swift */ = {isa = PBXFileReference; lastKnownFileType = sourcecode.swift; path = DataStore.swift; sourceTree = "<group>"; };
		A1E0010A2ED9000000000001 /* NotificationService.swift */ = {isa = PBXFileReference; lastKnownFileType = sourcecode.swift; path = NotificationService.swift; sourceTree = "<group>"; };
		A1E0010E2ED9000000000001 /* PushupViewModel.swift */ = {isa = PBXFileReference; lastKnownFileType = sourcecode.swift; path = PushupViewModel.swift; sourceTree = "<group>"; };
		A1E001102ED9000000000001 /* RecapViewModel.swift */ = {isa = PBXFileReference; lastKnownFileType = sourcecode.swift; path = RecapViewModel.swift; sourceTree = "<group>"; };
		A1E001122ED9000000000001 /* SettingsViewModel.swift */ = {isa = PBXFileReference; lastKnownFileType = sourcecode.swift; path = SettingsViewModel.swift; sourceTree = "<group>"; };
		A1E001142ED9000000000001 /* HomeView.swift */ = {isa = PBXFileReference; lastKnownFileType = sourcecode.swift; path = HomeView.swift; sourceTree = "<group>"; };
		A1E001162ED9000000000001 /* PushupCaptureView.swift */ = {isa = PBXFileReference; lastKnownFileType = sourcecode.swift; path = PushupCaptureView.swift; sourceTree = "<group>"; };
		A1E001182ED9000000000001 /* StatsView.swift */ = {isa = PBXFileReference; lastKnownFileType = sourcecode.swift; path = StatsView.swift; sourceTree = "<group>"; };
		A1E0011C2ED9000000000001 /* SettingsView.swift */ = {isa = PBXFileReference; lastKnownFileType = sourcecode.swift; path = SettingsView.swift; sourceTree = "<group>"; };
		A1E001FF2EDC4F0000000001 /* ShareSheet.swift */ = {isa = PBXFileReference; lastKnownFileType = sourcecode.swift; path = ShareSheet.swift; sourceTree = "<group>"; };
		A1E002002EDC530000000001 /* AppStateViewModel.swift */ = {isa = PBXFileReference; lastKnownFileType = sourcecode.swift; path = AppStateViewModel.swift; sourceTree = "<group>"; };
		A1E002012EDC53F000000001 /* NotificationPromptView.swift */ = {isa = PBXFileReference; lastKnownFileType = sourcecode.swift; path = NotificationPromptView.swift; sourceTree = "<group>"; };
		A1E002022EDC549000000001 /* LaunchScreen.storyboard */ = {isa = PBXFileReference; lastKnownFileType = file.storyboard; path = LaunchScreen.storyboard; sourceTree = "<group>"; };
		A1E002052EDC58C000000001 /* CameraPreviewManager.swift */ = {isa = PBXFileReference; lastKnownFileType = sourcecode.swift; path = CameraPreviewManager.swift; sourceTree = "<group>"; };
		A1E002072EDC5B0000000001 /* CameraPreviewView.swift */ = {isa = PBXFileReference; lastKnownFileType = sourcecode.swift; path = CameraPreviewView.swift; sourceTree = "<group>"; };
/* End PBXFileReference section */

/* Begin PBXFrameworksBuildPhase section */
		871E05BD2ED8233800318BA8 /* Frameworks */ = {
			isa = PBXFrameworksBuildPhase;
			buildActionMask = 2147483647;
			files = (
			);
			runOnlyForDeploymentPostprocessing = 0;
		};
/* End PBXFrameworksBuildPhase section */

/* Begin PBXGroup section */
		871E05B72ED8233800318BA8 = {
			isa = PBXGroup;
			children = (
				871E05C22ED8233800318BA8 /* FloorFace */,
				871E05C12ED8233800318BA8 /* Products */,
			);
			sourceTree = "<group>";
		};
		871E05C12ED8233800318BA8 /* Products */ = {
			isa = PBXGroup;
			children = (
				871E05C02ED8233800318BA8 /* FloorFace.app */,
			);
			name = Products;
			sourceTree = "<group>";
		};
		871E05C22ED8233800318BA8 /* FloorFace */ = {
			isa = PBXGroup;
			children = (
				871E05C32ED8233800318BA8 /* FloorFaceApp.swift */,
				871E05C52ED8233800318BA8 /* ContentView.swift */,
				A1E002022EDC549000000001 /* LaunchScreen.storyboard */,
				A1E001242ED9000000000001 /* Models */,
				A1E001252ED9000000000001 /* ViewModels */,
				A1E001262ED9000000000001 /* Views */,
				A1E001272ED9000000000001 /* Services */,
				A1E001282ED9000000000001 /* Utilities */,
				871E05C72ED8233A00318BA8 /* Assets.xcassets */,
				871E05CC2ED8233A00318BA8 /* Persistence.swift */,
				871E05CE2ED8233A00318BA8 /* FloorFace.xcdatamodeld */,
				871E05C92ED8233A00318BA8 /* Preview Content */,
			);
			path = FloorFace;
			sourceTree = "<group>";
		};
		871E05C92ED8233A00318BA8 /* Preview Content */ = {
			isa = PBXGroup;
			children = (
				871E05CA2ED8233A00318BA8 /* Preview Assets.xcassets */,
			);
			path = "Preview Content";
			sourceTree = "<group>";
		};
		A1E001242ED9000000000001 /* Models */ = {
			isa = PBXGroup;
			children = (
				A1E001002ED9000000000001 /* PushupModel.swift */,
			);
			path = Models;
			sourceTree = "<group>";
		};
		A1E001252ED9000000000001 /* ViewModels */ = {
			isa = PBXGroup;
			children = (
				A1E0010E2ED9000000000001 /* PushupViewModel.swift */,
				A1E001102ED9000000000001 /* RecapViewModel.swift */,
				A1E001122ED9000000000001 /* SettingsViewModel.swift */,
				A1E002002EDC530000000001 /* AppStateViewModel.swift */,
			);
			path = ViewModels;
			sourceTree = "<group>";
		};
		A1E001262ED9000000000001 /* Views */ = {
			isa = PBXGroup;
			children = (
				A1E001142ED9000000000001 /* HomeView.swift */,
				A1E001162ED9000000000001 /* PushupCaptureView.swift */,
				A1E002072EDC5B0000000001 /* CameraPreviewView.swift */,
				A1E001182ED9000000000001 /* StatsView.swift */,
				A1E0011C2ED9000000000001 /* SettingsView.swift */,
				A1E002012EDC53F000000001 /* NotificationPromptView.swift */,
			);
			path = Views;
			sourceTree = "<group>";
		};
		A1E001272ED9000000000001 /* Services */ = {
			isa = PBXGroup;
			children = (
				A1E001042ED9000000000001 /* DataStore.swift */,
				A1E0010A2ED9000000000001 /* NotificationService.swift */,
				A1E002052EDC58C000000001 /* CameraPreviewManager.swift */,
			);
			path = Services;
			sourceTree = "<group>";
		};
		A1E001282ED9000000000001 /* Utilities */ = {
			isa = PBXGroup;
			children = (
				A1E001FF2EDC4F0000000001 /* ShareSheet.swift */,
			);
			path = Utilities;
			sourceTree = "<group>";
		};
/* End PBXGroup section */

/* Begin PBXNativeTarget section */
		871E05BF2ED8233800318BA8 /* FloorFace */ = {
			isa = PBXNativeTarget;
			buildConfigurationList = 871E05D32ED8233A00318BA8 /* Build configuration list for PBXNativeTarget "FloorFace" */;
			buildPhases = (
				871E05BC2ED8233800318BA8 /* Sources */,
				871E05BD2ED8233800318BA8 /* Frameworks */,
				871E05BE2ED8233800318BA8 /* Resources */,
			);
			buildRules = (
			);
			dependencies = (
			);
			name = FloorFace;
			productName = FloorFace;
			productReference = 871E05C02ED8233800318BA8 /* FloorFace.app */;
			productType = "com.apple.product-type.application";
		};
/* End PBXNativeTarget section */

/* Begin PBXProject section */
		871E05B82ED8233800318BA8 /* Project object */ = {
			isa = PBXProject;
			attributes = {
				BuildIndependentTargetsInParallel = 1;
				LastSwiftUpdateCheck = 1520;
				LastUpgradeCheck = 1520;
				TargetAttributes = {
					871E05BF2ED8233800318BA8 = {
						CreatedOnToolsVersion = 15.2;
					};
				};
			};
			buildConfigurationList = 871E05BB2ED8233800318BA8 /* Build configuration list for PBXProject "FloorFace" */;
			compatibilityVersion = "Xcode 14.0";
			developmentRegion = en;
			hasScannedForEncodings = 0;
			knownRegions = (
				en,
				Base,
			);
			mainGroup = 871E05B72ED8233800318BA8;
			productRefGroup = 871E05C12ED8233800318BA8 /* Products */;
			projectDirPath = "";
			projectRoot = "";
			targets = (
				871E05BF2ED8233800318BA8 /* FloorFace */,
			);
		};
/* End PBXProject section */

/* Begin PBXResourcesBuildPhase section */
		871E05BE2ED8233800318BA8 /* Resources */ = {
			isa = PBXResourcesBuildPhase;
			buildActionMask = 2147483647;
			files = (
				871E05CB2ED8233A00318BA8 /* Preview Assets.xcassets in Resources */,
				871E05C82ED8233A00318BA8 /* Assets.xcassets in Resources */,
				A1E002032EDC549000000001 /* LaunchScreen.storyboard in Resources */,
			);
			runOnlyForDeploymentPostprocessing = 0;
		};
/* End PBXResourcesBuildPhase section */

/* Begin PBXSourcesBuildPhase section */
		871E05BC2ED8233800318BA8 /* Sources */ = {
			isa = PBXSourcesBuildPhase;
			buildActionMask = 2147483647;
			files = (
				871E05CD2ED8233A00318BA8 /* Persistence.swift in Sources */,
				871E05C62ED8233800318BA8 /* ContentView.swift in Sources */,
				871E05C42ED8233800318BA8 /* FloorFaceApp.swift in Sources */,
				871E05D02ED8233A00318BA8 /* FloorFace.xcdatamodeld in Sources */,
				A1E001012ED9000000000001 /* PushupModel.swift in Sources */,
				A1E001052ED9000000000001 /* DataStore.swift in Sources */,
				A1E0010B2ED9000000000001 /* NotificationService.swift in Sources */,
				A1E0010F2ED9000000000001 /* PushupViewModel.swift in Sources */,
				A1E001112ED9000000000001 /* RecapViewModel.swift in Sources */,
				A1E001132ED9000000000001 /* SettingsViewModel.swift in Sources */,
				A1E002012EDC530000000001 /* AppStateViewModel.swift in Sources */,
				A1E001152ED9000000000001 /* HomeView.swift in Sources */,
				A1E001172ED9000000000001 /* PushupCaptureView.swift in Sources */,
				A1E001192ED9000000000001 /* StatsView.swift in Sources */,
				A1E0011D2ED9000000000001 /* SettingsView.swift in Sources */,
				A1E002002EDC4F0000000001 /* ShareSheet.swift in Sources */,
				A1E002022EDC53F000000001 /* NotificationPromptView.swift in Sources */,
				A1E002062EDC58C000000001 /* CameraPreviewManager.swift in Sources */,
				A1E002082EDC5B0000000001 /* CameraPreviewView.swift in Sources */,
			);
			runOnlyForDeploymentPostprocessing = 0;
		};
/* End PBXSourcesBuildPhase section */

/* Begin XCBuildConfiguration section */
		871E05D12ED8233A00318BA8 /* Debug */ = {
			isa = XCBuildConfiguration;
			buildSettings = {
				ALWAYS_SEARCH_USER_PATHS = NO;
				ASSETCATALOG_COMPILER_GENERATE_SWIFT_ASSET_SYMBOL_EXTENSIONS = YES;
				CLANG_ANALYZER_NONNULL = YES;
				CLANG_ANALYZER_NUMBER_OBJECT_CONVERSION = YES_AGGRESSIVE;
				CLANG_CXX_LANGUAGE_STANDARD = "gnu++20";
				CLANG_ENABLE_MODULES = YES;
				CLANG_ENABLE_OBJC_ARC = YES;
				CLANG_ENABLE_OBJC_WEAK = YES;
				CLANG_WARN_BLOCK_CAPTURE_AUTORELEASING = YES;
				CLANG_WARN_BOOL_CONVERSION = YES;
				CLANG_WARN_COMMA = YES;
				CLANG_WARN_CONSTANT_CONVERSION = YES;
				CLANG_WARN_DEPRECATED_OBJC_IMPLEMENTATIONS = YES;
				CLANG_WARN_DIRECT_OBJC_ISA_USAGE = YES_ERROR;
				CLANG_WARN_DOCUMENTATION_COMMENTS = YES;
				CLANG_WARN_EMPTY_BODY = YES;
				CLANG_WARN_ENUM_CONVERSION = YES;
				CLANG_WARN_INFINITE_RECURSION = YES;
				CLANG_WARN_INT_CONVERSION = YES;
				CLANG_WARN_NON_LITERAL_NULL_CONVERSION = YES;
				CLANG_WARN_OBJC_IMPLICIT_RETAIN_SELF = YES;
				CLANG_WARN_OBJC_LITERAL_CONVERSION = YES;
				CLANG_WARN_OBJC_ROOT_CLASS = YES_ERROR;
				CLANG_WARN_QUOTED_INCLUDE_IN_FRAMEWORK_HEADER = YES;
				CLANG_WARN_RANGE_LOOP_ANALYSIS = YES;
				CLANG_WARN_STRICT_PROTOTYPES = YES;
				CLANG_WARN_SUSPICIOUS_MOVE = YES;
				CLANG_WARN_UNGUARDED_AVAILABILITY = YES_AGGRESSIVE;
				CLANG_WARN_UNREACHABLE_CODE = YES;
				CLANG_WARN__DUPLICATE_METHOD_MATCH = YES;
				COPY_PHASE_STRIP = NO;
				DEBUG_INFORMATION_FORMAT = dwarf;
				ENABLE_STRICT_OBJC_MSGSEND = YES;
				ENABLE_TESTABILITY = YES;
				ENABLE_USER_SCRIPT_SANDBOXING = YES;
				GCC_C_LANGUAGE_STANDARD = gnu17;
				GCC_DYNAMIC_NO_PIC = NO;
				GCC_NO_COMMON_BLOCKS = YES;
				GCC_OPTIMIZATION_LEVEL = 0;
				GCC_PREPROCESSOR_DEFINITIONS = (
					"DEBUG=1",
					"$(inherited)",
				);
				GCC_WARN_64_TO_32_BIT_CONVERSION = YES;
				GCC_WARN_ABOUT_RETURN_TYPE = YES_ERROR;
				GCC_WARN_UNDECLARED_SELECTOR = YES;
				GCC_WARN_UNINITIALIZED_AUTOS = YES_AGGRESSIVE;
				GCC_WARN_UNUSED_FUNCTION = YES;
				GCC_WARN_UNUSED_VARIABLE = YES;
				IPHONEOS_DEPLOYMENT_TARGET = 17.2;
				LOCALIZATION_PREFERS_STRING_CATALOGS = YES;
				MTL_ENABLE_DEBUG_INFO = INCLUDE_SOURCE;
				MTL_FAST_MATH = YES;
				ONLY_ACTIVE_ARCH = YES;
				SDKROOT = iphoneos;
				SWIFT_ACTIVE_COMPILATION_CONDITIONS = "DEBUG $(inherited)";
				SWIFT_OPTIMIZATION_LEVEL = "-Onone";
			};
			name = Debug;
		};
		871E05D22ED8233A00318BA8 /* Release */ = {
			isa = XCBuildConfiguration;
			buildSettings = {
				ALWAYS_SEARCH_USER_PATHS = NO;
				ASSETCATALOG_COMPILER_GENERATE_SWIFT_ASSET_SYMBOL_EXTENSIONS = YES;
				CLANG_ANALYZER_NONNULL = YES;
				CLANG_ANALYZER_NUMBER_OBJECT_CONVERSION = YES_AGGRESSIVE;
				CLANG_CXX_LANGUAGE_STANDARD = "gnu++20";
				CLANG_ENABLE_MODULES = YES;
				CLANG_ENABLE_OBJC_ARC = YES;
				CLANG_ENABLE_OBJC_WEAK = YES;
				CLANG_WARN_BLOCK_CAPTURE_AUTORELEASING = YES;
				CLANG_WARN_BOOL_CONVERSION = YES;
				CLANG_WARN_COMMA = YES;
				CLANG_WARN_CONSTANT_CONVERSION = YES;
				CLANG_WARN_DEPRECATED_OBJC_IMPLEMENTATIONS = YES;
				CLANG_WARN_DIRECT_OBJC_ISA_USAGE = YES_ERROR;
				CLANG_WARN_DOCUMENTATION_COMMENTS = YES;
				CLANG_WARN_EMPTY_BODY = YES;
				CLANG_WARN_ENUM_CONVERSION = YES;
				CLANG_WARN_INFINITE_RECURSION = YES;
				CLANG_WARN_INT_CONVERSION = YES;
				CLANG_WARN_NON_LITERAL_NULL_CONVERSION = YES;
				CLANG_WARN_OBJC_IMPLICIT_RETAIN_SELF = YES;
				CLANG_WARN_OBJC_LITERAL_CONVERSION = YES;
				CLANG_WARN_OBJC_ROOT_CLASS = YES_ERROR;
				CLANG_WARN_QUOTED_INCLUDE_IN_FRAMEWORK_HEADER = YES;
				CLANG_WARN_RANGE_LOOP_ANALYSIS = YES;
				CLANG_WARN_STRICT_PROTOTYPES = YES;
				CLANG_WARN_SUSPICIOUS_MOVE = YES;
				CLANG_WARN_UNGUARDED_AVAILABILITY = YES_AGGRESSIVE;
				CLANG_WARN_UNREACHABLE_CODE = YES;
				CLANG_WARN__DUPLICATE_METHOD_MATCH = YES;
				COPY_PHASE_STRIP = NO;
				DEBUG_INFORMATION_FORMAT = "dwarf-with-dsym";
				ENABLE_NS_ASSERTIONS = NO;
				ENABLE_STRICT_OBJC_MSGSEND = YES;
				ENABLE_USER_SCRIPT_SANDBOXING = YES;
				GCC_C_LANGUAGE_STANDARD = gnu17;
				GCC_NO_COMMON_BLOCKS = YES;
				GCC_WARN_64_TO_32_BIT_CONVERSION = YES;
				GCC_WARN_ABOUT_RETURN_TYPE = YES_ERROR;
				GCC_WARN_UNDECLARED_SELECTOR = YES;
				GCC_WARN_UNINITIALIZED_AUTOS = YES_AGGRESSIVE;
				GCC_WARN_UNUSED_FUNCTION = YES;
				GCC_WARN_UNUSED_VARIABLE = YES;
				IPHONEOS_DEPLOYMENT_TARGET = 17.2;
				LOCALIZATION_PREFERS_STRING_CATALOGS = YES;
				MTL_ENABLE_DEBUG_INFO = NO;
				MTL_FAST_MATH = YES;
				SDKROOT = iphoneos;
				SWIFT_COMPILATION_MODE = wholemodule;
				VALIDATE_PRODUCT = YES;
			};
			name = Release;
		};
		871E05D42ED8233A00318BA8 /* Debug */ = {
			isa = XCBuildConfiguration;
			buildSettings = {
				ASSETCATALOG_COMPILER_APPICON_NAME = AppIcon;
				ASSETCATALOG_COMPILER_GLOBAL_ACCENT_COLOR_NAME = AccentColor;
				CODE_SIGN_STYLE = Automatic;
				CURRENT_PROJECT_VERSION = 47;
				DEVELOPMENT_ASSET_PATHS = "\"FloorFace/Preview Content\"";
				DEVELOPMENT_TEAM = L6LUXM357X;
				ENABLE_PREVIEWS = YES;
				GENERATE_INFOPLIST_FILE = YES;
				INFOPLIST_KEY_CFBundleDisplayName = FloorFace;
				INFOPLIST_KEY_LSApplicationCategoryType = "public.app-category.healthcare-fitness";
				INFOPLIST_KEY_NSCameraUsageDescription = "FloorFace uses the camera to show a live preview while you track your pushups.";
				INFOPLIST_KEY_NSUserNotificationsUsageDescription = "Daily reminders make it easier to stay on track with pushups.";
				INFOPLIST_KEY_UIApplicationSceneManifest_Generation = YES;
				INFOPLIST_KEY_UIApplicationSupportsIndirectInputEvents = YES;
				INFOPLIST_KEY_UILaunchScreen_Generation = NO;
				INFOPLIST_KEY_UILaunchStoryboardName = LaunchScreen;
				INFOPLIST_KEY_UISupportedInterfaceOrientations_iPad = "UIInterfaceOrientationPortrait UIInterfaceOrientationPortraitUpsideDown UIInterfaceOrientationLandscapeLeft UIInterfaceOrientationLandscapeRight";
				INFOPLIST_KEY_UISupportedInterfaceOrientations_iPhone = "UIInterfaceOrientationPortrait UIInterfaceOrientationLandscapeLeft UIInterfaceOrientationLandscapeRight";
				LD_RUNPATH_SEARCH_PATHS = (
					"$(inherited)",
					"@executable_path/Frameworks",
				);
				MARKETING_VERSION = 1.0.1;
				PRODUCT_BUNDLE_IDENTIFIER = com.asray.reptap.FloorFace;
				PRODUCT_NAME = "$(TARGET_NAME)";
				SWIFT_EMIT_LOC_STRINGS = YES;
				SWIFT_VERSION = 5.0;
				TARGETED_DEVICE_FAMILY = "1,2";
			};
			name = Debug;
		};
		871E05D52ED8233A00318BA8 /* Release */ = {
			isa = XCBuildConfiguration;
			buildSettings = {
				ASSETCATALOG_COMPILER_APPICON_NAME = AppIcon;
				ASSETCATALOG_COMPILER_GLOBAL_ACCENT_COLOR_NAME = AccentColor;
				CODE_SIGN_STYLE = Automatic;
				CURRENT_PROJECT_VERSION = 47;
				DEVELOPMENT_ASSET_PATHS = "\"FloorFace/Preview Content\"";
				DEVELOPMENT_TEAM = L6LUXM357X;
				ENABLE_PREVIEWS = YES;
				GENERATE_INFOPLIST_FILE = YES;
				INFOPLIST_KEY_CFBundleDisplayName = FloorFace;
				INFOPLIST_KEY_LSApplicationCategoryType = "public.app-category.healthcare-fitness";
				INFOPLIST_KEY_NSCameraUsageDescription = "NoseTap uses the camera to show a live preview while you track your pushups.";
				INFOPLIST_KEY_NSUserNotificationsUsageDescription = "Daily reminders make it easier to stay on track with pushups.";
				INFOPLIST_KEY_UIApplicationSceneManifest_Generation = YES;
				INFOPLIST_KEY_UIApplicationSupportsIndirectInputEvents = YES;
				INFOPLIST_KEY_UILaunchScreen_Generation = NO;
				INFOPLIST_KEY_UILaunchStoryboardName = LaunchScreen;
				INFOPLIST_KEY_UISupportedInterfaceOrientations_iPad = "UIInterfaceOrientationPortrait UIInterfaceOrientationPortraitUpsideDown UIInterfaceOrientationLandscapeLeft UIInterfaceOrientationLandscapeRight";
				INFOPLIST_KEY_UISupportedInterfaceOrientations_iPhone = "UIInterfaceOrientationPortrait UIInterfaceOrientationLandscapeLeft UIInterfaceOrientationLandscapeRight";
				LD_RUNPATH_SEARCH_PATHS = (
					"$(inherited)",
					"@executable_path/Frameworks",
				);
				MARKETING_VERSION = 1.0.1;
				PRODUCT_BUNDLE_IDENTIFIER = com.asray.reptap.FloorFace;
				PRODUCT_NAME = "$(TARGET_NAME)";
				SWIFT_EMIT_LOC_STRINGS = YES;
				SWIFT_VERSION = 5.0;
				TARGETED_DEVICE_FAMILY = "1,2";
			};
			name = Release;
		};
/* End XCBuildConfiguration section */

/* Begin XCConfigurationList section */
		871E05BB2ED8233800318BA8 /* Build configuration list for PBXProject "FloorFace" */ = {
			isa = XCConfigurationList;
			buildConfigurations = (
				871E05D12ED8233A00318BA8 /* Debug */,
				871E05D22ED8233A00318BA8 /* Release */,
			);
			defaultConfigurationIsVisible = 0;
			defaultConfigurationName = Release;
		};
		871E05D32ED8233A00318BA8 /* Build configuration list for PBXNativeTarget "FloorFace" */ = {
			isa = XCConfigurationList;
			buildConfigurations = (
				871E05D42ED8233A00318BA8 /* Debug */,
				871E05D52ED8233A00318BA8 /* Release */,
			);
			defaultConfigurationIsVisible = 0;
			defaultConfigurationName = Release;
		};
/* End XCConfigurationList section */

/* Begin XCVersionGroup section */
		871E05CE2ED8233A00318BA8 /* FloorFace.xcdatamodeld */ = {
			isa = XCVersionGroup;
			children = (
				871E05CF2ED8233A00318BA8 /* FloorFace.xcdatamodel */,
			);
			currentVersion = 871E05CF2ED8233A00318BA8 /* FloorFace.xcdatamodel */;
			path = FloorFace.xcdatamodeld;
			sourceTree = "<group>";
			versionGroupType = wrapper.xcdatamodel;
		};
/* End XCVersionGroup section */
	};
	rootObject = 871E05B82ED8233800318BA8 /* Project object */;
}
